
Microsoft Visual Studio Solution File, Format Version 12.00
# Visual Studio Version 17
VisualStudioVersion = 17.9.34728.123
MinimumVisualStudioVersion = 10.0.40219.1
Project("{9A19103F-16F7-4668-BE54-9A1E7A4F7556}") = "78", "78- Subsets\78.csproj", "{048DFD22-8DF5-4E9F-B96C-7CAA217AC092}"
EndProject
Project("{9A19103F-16F7-4668-BE54-9A1E7A4F7556}") = "797", "797. All Paths from Source To Target\797.csproj", "{38F84178-94F0-4C29-B4D0-C5C89CFEDF9F}"
EndProject
Project("{9A19103F-16F7-4668-BE54-9A1E7A4F7556}") = "784", "784\784.csproj", "{1B693067-FC22-482A-A106-AA41C3B5CDE9}"
EndProject
Project("{9A19103F-16F7-4668-BE54-9A1E7A4F7556}") = "212", "212\212.csproj", "{C7A06A6D-3425-4E8E-BE6B-8618EE85B4FE}"
EndProject
Project("{9A19103F-16F7-4668-BE54-9A1E7A4F7556}") = "648", "648\648.csproj", "{22F806E9-FA3A-430F-AEAC-B06E20BBD361}"
EndProject
Project("{9A19103F-16F7-4668-BE54-9A1E7A4F7556}") = "676", "676\676.csproj", "{29044904-4209-4AA6-AE43-D62C3BC4B256}"
EndProject
Project("{9A19103F-16F7-4668-BE54-9A1E7A4F7556}") = "3043", "3043\3043.csproj", "{C0BAD927-C6AF-4963-86BC-6A9E6A4B20FA}"
EndProject
Project("{9A19103F-16F7-4668-BE54-9A1E7A4F7556}") = "139", "139\139.csproj", "{AAA6EEEB-B892-4B29-963B-9309652F7DC0}"
EndProject
Global
	GlobalSection(SolutionConfigurationPlatforms) = preSolution
		Debug|Any CPU = Debug|Any CPU
		Release|Any CPU = Release|Any CPU
	EndGlobalSection
	GlobalSection(ProjectConfigurationPlatforms) = postSolution
		{048DFD22-8DF5-4E9F-B96C-7CAA217AC092}.Debug|Any CPU.ActiveCfg = Debug|Any CPU
		{048DFD22-8DF5-4E9F-B96C-7CAA217AC092}.Debug|Any CPU.Build.0 = Debug|Any CPU
		{048DFD22-8DF5-4E9F-B96C-7CAA217AC092}.Release|Any CPU.ActiveCfg = Release|Any CPU
		{048DFD22-8DF5-4E9F-B96C-7CAA217AC092}.Release|Any CPU.Build.0 = Release|Any CPU
		{38F84178-94F0-4C29-B4D0-C5C89CFEDF9F}.Debug|Any CPU.ActiveCfg = Debug|Any CPU
		{38F84178-94F0-4C29-B4D0-C5C89CFEDF9F}.Debug|Any CPU.Build.0 = Debug|Any CPU
		{38F84178-94F0-4C29-B4D0-C5C89CFEDF9F}.Release|Any CPU.ActiveCfg = Release|Any CPU
		{38F84178-94F0-4C29-B4D0-C5C89CFEDF9F}.Release|Any CPU.Build.0 = Release|Any CPU
		{1B693067-FC22-482A-A106-AA41C3B5CDE9}.Debug|Any CPU.ActiveCfg = Debug|Any CPU
		{1B693067-FC22-482A-A106-AA41C3B5CDE9}.Debug|Any CPU.Build.0 = Debug|Any CPU
		{1B693067-FC22-482A-A106-AA41C3B5CDE9}.Release|Any CPU.ActiveCfg = Release|Any CPU
		{1B693067-FC22-482A-A106-AA41C3B5CDE9}.Release|Any CPU.Build.0 = Release|Any CPU
		{C7A06A6D-3425-4E8E-BE6B-8618EE85B4FE}.Debug|Any CPU.ActiveCfg = Debug|Any CPU
		{C7A06A6D-3425-4E8E-BE6B-8618EE85B4FE}.Debug|Any CPU.Build.0 = Debug|Any CPU
		{C7A06A6D-3425-4E8E-BE6B-8618EE85B4FE}.Release|Any CPU.ActiveCfg = Release|Any CPU
		{C7A06A6D-3425-4E8E-BE6B-8618EE85B4FE}.Release|Any CPU.Build.0 = Release|Any CPU
		{22F806E9-FA3A-430F-AEAC-B06E20BBD361}.Debug|Any CPU.ActiveCfg = Debug|Any CPU
		{22F806E9-FA3A-430F-AEAC-B06E20BBD361}.Debug|Any CPU.Build.0 = Debug|Any CPU
		{22F806E9-FA3A-430F-AEAC-B06E20BBD361}.Release|Any CPU.ActiveCfg = Release|Any CPU
		{22F806E9-FA3A-430F-AEAC-B06E20BBD361}.Release|Any CPU.Build.0 = Release|Any CPU
		{29044904-4209-4AA6-AE43-D62C3BC4B256}.Debug|Any CPU.ActiveCfg = Debug|Any CPU
		{29044904-4209-4AA6-AE43-D62C3BC4B256}.Debug|Any CPU.Build.0 = Debug|Any CPU
		{29044904-4209-4AA6-AE43-D62C3BC4B256}.Release|Any CPU.ActiveCfg = Release|Any CPU
		{29044904-4209-4AA6-AE43-D62C3BC4B256}.Release|Any CPU.Build.0 = Release|Any CPU
		{C0BAD927-C6AF-4963-86BC-6A9E6A4B20FA}.Debug|Any CPU.ActiveCfg = Debug|Any CPU
		{C0BAD927-C6AF-4963-86BC-6A9E6A4B20FA}.Debug|Any CPU.Build.0 = Debug|Any CPU
		{C0BAD927-C6AF-4963-86BC-6A9E6A4B20FA}.Release|Any CPU.ActiveCfg = Release|Any CPU
		{C0BAD927-C6AF-4963-86BC-6A9E6A4B20FA}.Release|Any CPU.Build.0 = Release|Any CPU
		{AAA6EEEB-B892-4B29-963B-9309652F7DC0}.Debug|Any CPU.ActiveCfg = Debug|Any CPU
		{AAA6EEEB-B892-4B29-963B-9309652F7DC0}.Debug|Any CPU.Build.0 = Debug|Any CPU
		{AAA6EEEB-B892-4B29-963B-9309652F7DC0}.Release|Any CPU.ActiveCfg = Release|Any CPU
		{AAA6EEEB-B892-4B29-963B-9309652F7DC0}.Release|Any CPU.Build.0 = Release|Any CPU
	EndGlobalSection
	GlobalSection(SolutionProperties) = preSolution
		HideSolutionNode = FALSE
	EndGlobalSection
	GlobalSection(ExtensibilityGlobals) = postSolution
		SolutionGuid = {CFB4BF81-1571-4E96-B374-C3EB960FC6BA}
	EndGlobalSection
EndGlobal
