
Microsoft Visual Studio Solution File, Format Version 12.00
# Visual Studio Version 17
VisualStudioVersion = 17.9.34728.123
MinimumVisualStudioVersion = 10.0.40219.1
Project("{FAE04EC0-301F-11D3-BF4B-00C04F79EFBC}") = "78- Subsets", "78- Subsets\78- Subsets.csproj", "{048DFD22-8DF5-4E9F-B96C-7CAA217AC092}"
EndProject
Global
	GlobalSection(SolutionConfigurationPlatforms) = preSolution
		Debug|Any CPU = Debug|Any CPU
		Release|Any CPU = Release|Any CPU
	EndGlobalSection
	GlobalSection(ProjectConfigurationPlatforms) = postSolution
		{048DFD22-8DF5-4E9F-B96C-7CAA217AC092}.Debug|Any CPU.ActiveCfg = Debug|Any CPU
		{048DFD22-8DF5-4E9F-B96C-7CAA217AC092}.Debug|Any CPU.Build.0 = Debug|Any CPU
		{048DFD22-8DF5-4E9F-B96C-7CAA217AC092}.Release|Any CPU.ActiveCfg = Release|Any CPU
		{048DFD22-8DF5-4E9F-B96C-7CAA217AC092}.Release|Any CPU.Build.0 = Release|Any CPU
	EndGlobalSection
	GlobalSection(SolutionProperties) = preSolution
		HideSolutionNode = FALSE
	EndGlobalSection
	GlobalSection(ExtensibilityGlobals) = postSolution
		SolutionGuid = {CFB4BF81-1571-4E96-B374-C3EB960FC6BA}
	EndGlobalSection
EndGlobal
