
Microsoft Visual Studio Solution File, Format Version 12.00
# Visual Studio Version 17
VisualStudioVersion = 17.9.34728.123
MinimumVisualStudioVersion = 10.0.40219.1
Project("{FAE04EC0-301F-11D3-BF4B-00C04F79EFBC}") = "37- Sudoku Solver", "37- Sudoku Solver.csproj", "{762BB5A3-A6FE-4520-9A08-D18FBD687D83}"
EndProject
Global
	GlobalSection(SolutionConfigurationPlatforms) = preSolution
		Debug|Any CPU = Debug|Any CPU
		Release|Any CPU = Release|Any CPU
	EndGlobalSection
	GlobalSection(ProjectConfigurationPlatforms) = postSolution
		{762BB5A3-A6FE-4520-9A08-D18FBD687D83}.Debug|Any CPU.ActiveCfg = Debug|Any CPU
		{762BB5A3-A6FE-4520-9A08-D18FBD687D83}.Debug|Any CPU.Build.0 = Debug|Any CPU
		{762BB5A3-A6FE-4520-9A08-D18FBD687D83}.Release|Any CPU.ActiveCfg = Release|Any CPU
		{762BB5A3-A6FE-4520-9A08-D18FBD687D83}.Release|Any CPU.Build.0 = Release|Any CPU
	EndGlobalSection
	GlobalSection(SolutionProperties) = preSolution
		HideSolutionNode = FALSE
	EndGlobalSection
	GlobalSection(ExtensibilityGlobals) = postSolution
		SolutionGuid = {BE5B69E3-30EF-4E47-914D-1241180D9D67}
	EndGlobalSection
EndGlobal
